// !$*UTF8*$!
{
	archiveVersion = 1;
	classes = {
	};
	objectVersion = 56;
	objects = {

/* Begin PBXBuildFile section */
		9443E1502B0B4DE100A4A398 /* ActionApp.swift in Sources */ = {isa = PBXBuildFile; fileRef = 9443E14F2B0B4DE100A4A398 /* ActionApp.swift */; };
		9443E1522B0B4DE100A4A398 /* LoginView.swift in Sources */ = {isa = PBXBuildFile; fileRef = 9443E1512B0B4DE100A4A398 /* LoginView.swift */; };
		9443E1542B0B4DE100A4A398 /* Action.swift in Sources */ = {isa = PBXBuildFile; fileRef = 9443E1532B0B4DE100A4A398 /* Action.swift */; };
		9443E1562B0B4DE200A4A398 /* Assets.xcassets in Resources */ = {isa = PBXBuildFile; fileRef = 9443E1552B0B4DE200A4A398 /* Assets.xcassets */; };
		9443E1592B0B4DE200A4A398 /* Preview Assets.xcassets in Resources */ = {isa = PBXBuildFile; fileRef = 9443E1582B0B4DE200A4A398 /* Preview Assets.xcassets */; };
		9443E1632B0B4DE300A4A398 /* ActionTests.swift in Sources */ = {isa = PBXBuildFile; fileRef = 9443E1622B0B4DE300A4A398 /* ActionTests.swift */; };
		9443E16D2B0B4DE300A4A398 /* ActionUITests.swift in Sources */ = {isa = PBXBuildFile; fileRef = 9443E16C2B0B4DE300A4A398 /* ActionUITests.swift */; };
		9443E16F2B0B4DE300A4A398 /* ActionUITestsLaunchTests.swift in Sources */ = {isa = PBXBuildFile; fileRef = 9443E16E2B0B4DE300A4A398 /* ActionUITestsLaunchTests.swift */; };
		9443E17C2B0B894E00A4A398 /* ActivityView.swift in Sources */ = {isa = PBXBuildFile; fileRef = 9443E17B2B0B894E00A4A398 /* ActivityView.swift */; };
		9455C5EC2B3C4CBB00168702 /* Activity.swift in Sources */ = {isa = PBXBuildFile; fileRef = 9455C5EB2B3C4CBB00168702 /* Activity.swift */; };
		94711BCA2BEBA53D008D2DD2 /* actionWrapper.pb.swift in Sources */ = {isa = PBXBuildFile; fileRef = 94711BC82BEBA53D008D2DD2 /* actionWrapper.pb.swift */; };
		94711BCB2BEBA53D008D2DD2 /* actionWrapper.grpc.swift in Sources */ = {isa = PBXBuildFile; fileRef = 94711BC92BEBA53D008D2DD2 /* actionWrapper.grpc.swift */; };
		94711BCD2BEBA65F008D2DD2 /* AuthClient.swift in Sources */ = {isa = PBXBuildFile; fileRef = 94711BCC2BEBA65F008D2DD2 /* AuthClient.swift */; };
		9471ED4C2B57F38B005CF48D /* UserInfo.swift in Sources */ = {isa = PBXBuildFile; fileRef = 9471ED4B2B57F38A005CF48D /* UserInfo.swift */; };
		947968D42B27443100ABC8EA /* ActivityListView.swift in Sources */ = {isa = PBXBuildFile; fileRef = 947968D32B27443000ABC8EA /* ActivityListView.swift */; };
		949CCA5C2BED6EF90012CB70 /* CGRPCZlib in Frameworks */ = {isa = PBXBuildFile; productRef = 949CCA5B2BED6EF90012CB70 /* CGRPCZlib */; };
		949CCA5E2BED6EF90012CB70 /* GRPC in Frameworks */ = {isa = PBXBuildFile; productRef = 949CCA5D2BED6EF90012CB70 /* GRPC */; };
		949CCA602BED6EF90012CB70 /* GRPCReflectionService in Frameworks */ = {isa = PBXBuildFile; productRef = 949CCA5F2BED6EF90012CB70 /* GRPCReflectionService */; };
		949CCA622BED6EF90012CB70 /* _GRPCCore in Frameworks */ = {isa = PBXBuildFile; productRef = 949CCA612BED6EF90012CB70 /* _GRPCCore */; };
		949CCA642BED6EF90012CB70 /* protoc-gen-grpc-swift in Frameworks */ = {isa = PBXBuildFile; productRef = 949CCA632BED6EF90012CB70 /* protoc-gen-grpc-swift */; };
		949CCA862BF191C00012CB70 /* ActionWrapperService.swift in Sources */ = {isa = PBXBuildFile; fileRef = 949CCA852BF191C00012CB70 /* ActionWrapperService.swift */; };
/* End PBXBuildFile section */

/* Begin PBXContainerItemProxy section */
		9443E15F2B0B4DE300A4A398 /* PBXContainerItemProxy */ = {
			isa = PBXContainerItemProxy;
			containerPortal = 9443E1442B0B4DE000A4A398 /* Project object */;
			proxyType = 1;
			remoteGlobalIDString = 9443E14B2B0B4DE000A4A398;
			remoteInfo = Action;
		};
		9443E1692B0B4DE300A4A398 /* PBXContainerItemProxy */ = {
			isa = PBXContainerItemProxy;
			containerPortal = 9443E1442B0B4DE000A4A398 /* Project object */;
			proxyType = 1;
			remoteGlobalIDString = 9443E14B2B0B4DE000A4A398;
			remoteInfo = Action;
		};
/* End PBXContainerItemProxy section */

/* Begin PBXFileReference section */
		9443E14C2B0B4DE000A4A398 /* Action.app */ = {isa = PBXFileReference; explicitFileType = wrapper.application; includeInIndex = 0; path = Action.app; sourceTree = BUILT_PRODUCTS_DIR; };
		9443E14F2B0B4DE100A4A398 /* ActionApp.swift */ = {isa = PBXFileReference; lastKnownFileType = sourcecode.swift; path = ActionApp.swift; sourceTree = "<group>"; };
		9443E1512B0B4DE100A4A398 /* LoginView.swift */ = {isa = PBXFileReference; lastKnownFileType = sourcecode.swift; path = LoginView.swift; sourceTree = "<group>"; };
		9443E1532B0B4DE100A4A398 /* Action.swift */ = {isa = PBXFileReference; lastKnownFileType = sourcecode.swift; path = Action.swift; sourceTree = "<group>"; };
		9443E1552B0B4DE200A4A398 /* Assets.xcassets */ = {isa = PBXFileReference; lastKnownFileType = folder.assetcatalog; path = Assets.xcassets; sourceTree = "<group>"; };
		9443E1582B0B4DE200A4A398 /* Preview Assets.xcassets */ = {isa = PBXFileReference; lastKnownFileType = folder.assetcatalog; path = "Preview Assets.xcassets"; sourceTree = "<group>"; };
		9443E15E2B0B4DE300A4A398 /* ActionTests.xctest */ = {isa = PBXFileReference; explicitFileType = wrapper.cfbundle; includeInIndex = 0; path = ActionTests.xctest; sourceTree = BUILT_PRODUCTS_DIR; };
		9443E1622B0B4DE300A4A398 /* ActionTests.swift */ = {isa = PBXFileReference; lastKnownFileType = sourcecode.swift; path = ActionTests.swift; sourceTree = "<group>"; };
		9443E1682B0B4DE300A4A398 /* ActionUITests.xctest */ = {isa = PBXFileReference; explicitFileType = wrapper.cfbundle; includeInIndex = 0; path = ActionUITests.xctest; sourceTree = BUILT_PRODUCTS_DIR; };
		9443E16C2B0B4DE300A4A398 /* ActionUITests.swift */ = {isa = PBXFileReference; lastKnownFileType = sourcecode.swift; path = ActionUITests.swift; sourceTree = "<group>"; };
		9443E16E2B0B4DE300A4A398 /* ActionUITestsLaunchTests.swift */ = {isa = PBXFileReference; lastKnownFileType = sourcecode.swift; path = ActionUITestsLaunchTests.swift; sourceTree = "<group>"; };
		9443E17B2B0B894E00A4A398 /* ActivityView.swift */ = {isa = PBXFileReference; lastKnownFileType = sourcecode.swift; path = ActivityView.swift; sourceTree = "<group>"; };
		9455C5EB2B3C4CBB00168702 /* Activity.swift */ = {isa = PBXFileReference; lastKnownFileType = sourcecode.swift; path = Activity.swift; sourceTree = "<group>"; };
		94711BC82BEBA53D008D2DD2 /* actionWrapper.pb.swift */ = {isa = PBXFileReference; fileEncoding = 4; lastKnownFileType = sourcecode.swift; path = actionWrapper.pb.swift; sourceTree = "<group>"; };
		94711BC92BEBA53D008D2DD2 /* actionWrapper.grpc.swift */ = {isa = PBXFileReference; fileEncoding = 4; lastKnownFileType = sourcecode.swift; path = actionWrapper.grpc.swift; sourceTree = "<group>"; };
		94711BCC2BEBA65F008D2DD2 /* AuthClient.swift */ = {isa = PBXFileReference; fileEncoding = 4; lastKnownFileType = sourcecode.swift; path = AuthClient.swift; sourceTree = "<group>"; };
		9471ED4B2B57F38A005CF48D /* UserInfo.swift */ = {isa = PBXFileReference; lastKnownFileType = sourcecode.swift; path = UserInfo.swift; sourceTree = "<group>"; };
		947968D32B27443000ABC8EA /* ActivityListView.swift */ = {isa = PBXFileReference; lastKnownFileType = sourcecode.swift; path = ActivityListView.swift; sourceTree = "<group>"; };
		949CCA852BF191C00012CB70 /* ActionWrapperService.swift */ = {isa = PBXFileReference; lastKnownFileType = sourcecode.swift; path = ActionWrapperService.swift; sourceTree = "<group>"; };
/* End PBXFileReference section */

/* Begin PBXFrameworksBuildPhase section */
		9443E1492B0B4DE000A4A398 /* Frameworks */ = {
			isa = PBXFrameworksBuildPhase;
			buildActionMask = 2147483647;
			files = (
				949CCA602BED6EF90012CB70 /* GRPCReflectionService in Frameworks */,
				949CCA622BED6EF90012CB70 /* _GRPCCore in Frameworks */,
				949CCA5E2BED6EF90012CB70 /* GRPC in Frameworks */,
				949CCA5C2BED6EF90012CB70 /* CGRPCZlib in Frameworks */,
				949CCA642BED6EF90012CB70 /* protoc-gen-grpc-swift in Frameworks */,
			);
			runOnlyForDeploymentPostprocessing = 0;
		};
		9443E15B2B0B4DE300A4A398 /* Frameworks */ = {
			isa = PBXFrameworksBuildPhase;
			buildActionMask = 2147483647;
			files = (
			);
			runOnlyForDeploymentPostprocessing = 0;
		};
		9443E1652B0B4DE300A4A398 /* Frameworks */ = {
			isa = PBXFrameworksBuildPhase;
			buildActionMask = 2147483647;
			files = (
			);
			runOnlyForDeploymentPostprocessing = 0;
		};
/* End PBXFrameworksBuildPhase section */

/* Begin PBXGroup section */
		9443E1432B0B4DE000A4A398 = {
			isa = PBXGroup;
			children = (
				9443E14E2B0B4DE000A4A398 /* Action */,
				9443E1612B0B4DE300A4A398 /* ActionTests */,
				9443E16B2B0B4DE300A4A398 /* ActionUITests */,
				9443E14D2B0B4DE000A4A398 /* Products */,
				94FEC5DD2BED690000B62FB8 /* Frameworks */,
			);
			sourceTree = "<group>";
		};
		9443E14D2B0B4DE000A4A398 /* Products */ = {
			isa = PBXGroup;
			children = (
				9443E14C2B0B4DE000A4A398 /* Action.app */,
				9443E15E2B0B4DE300A4A398 /* ActionTests.xctest */,
				9443E1682B0B4DE300A4A398 /* ActionUITests.xctest */,
			);
			name = Products;
			sourceTree = "<group>";
		};
		9443E14E2B0B4DE000A4A398 /* Action */ = {
			isa = PBXGroup;
			children = (
				949CCA872BF193570012CB70 /* Base */,
				94711BC62BEBA0B8008D2DD2 /* Service */,
				9455C5EA2B3C443400168702 /* Views */,
				9455C5E92B3C3D2A00168702 /* Models */,
				9443E14F2B0B4DE100A4A398 /* ActionApp.swift */,
				9443E1552B0B4DE200A4A398 /* Assets.xcassets */,
				9443E1572B0B4DE200A4A398 /* Preview Content */,
			);
			path = Action;
			sourceTree = "<group>";
		};
		9443E1572B0B4DE200A4A398 /* Preview Content */ = {
			isa = PBXGroup;
			children = (
				9443E1582B0B4DE200A4A398 /* Preview Assets.xcassets */,
			);
			path = "Preview Content";
			sourceTree = "<group>";
		};
		9443E1612B0B4DE300A4A398 /* ActionTests */ = {
			isa = PBXGroup;
			children = (
				9443E1622B0B4DE300A4A398 /* ActionTests.swift */,
			);
			path = ActionTests;
			sourceTree = "<group>";
		};
		9443E16B2B0B4DE300A4A398 /* ActionUITests */ = {
			isa = PBXGroup;
			children = (
				9443E16C2B0B4DE300A4A398 /* ActionUITests.swift */,
				9443E16E2B0B4DE300A4A398 /* ActionUITestsLaunchTests.swift */,
			);
			path = ActionUITests;
			sourceTree = "<group>";
		};
		9455C5E92B3C3D2A00168702 /* Models */ = {
			isa = PBXGroup;
			children = (
				9443E1532B0B4DE100A4A398 /* Action.swift */,
				9455C5EB2B3C4CBB00168702 /* Activity.swift */,
				9471ED4B2B57F38A005CF48D /* UserInfo.swift */,
			);
			path = Models;
			sourceTree = "<group>";
		};
		9455C5EA2B3C443400168702 /* Views */ = {
			isa = PBXGroup;
			children = (
				9443E1512B0B4DE100A4A398 /* LoginView.swift */,
				9443E17B2B0B894E00A4A398 /* ActivityView.swift */,
				947968D32B27443000ABC8EA /* ActivityListView.swift */,
			);
			path = Views;
			sourceTree = "<group>";
		};
		94711BC62BEBA0B8008D2DD2 /* Service */ = {
			isa = PBXGroup;
			children = (
				949CCA842BF18F280012CB70 /* REST */,
				949CCA832BF18F190012CB70 /* gRPC */,
				94711BCC2BEBA65F008D2DD2 /* AuthClient.swift */,
			);
			path = Service;
			sourceTree = "<group>";
		};
		94711BC72BEBA0DA008D2DD2 /* Proto */ = {
			isa = PBXGroup;
			children = (
				94711BC92BEBA53D008D2DD2 /* actionWrapper.grpc.swift */,
				94711BC82BEBA53D008D2DD2 /* actionWrapper.pb.swift */,
			);
			path = Proto;
			sourceTree = "<group>";
		};
		949CCA832BF18F190012CB70 /* gRPC */ = {
			isa = PBXGroup;
			children = (
				94711BC72BEBA0DA008D2DD2 /* Proto */,
				949CCA852BF191C00012CB70 /* ActionWrapperService.swift */,
			);
			path = gRPC;
			sourceTree = "<group>";
		};
		949CCA842BF18F280012CB70 /* REST */ = {
			isa = PBXGroup;
			children = (
			);
			path = REST;
			sourceTree = "<group>";
		};
		949CCA872BF193570012CB70 /* Base */ = {
			isa = PBXGroup;
			children = (
			);
			path = Base;
			sourceTree = "<group>";
		};
		94FEC5DD2BED690000B62FB8 /* Frameworks */ = {
			isa = PBXGroup;
			children = (
			);
			name = Frameworks;
			sourceTree = "<group>";
		};
/* End PBXGroup section */

/* Begin PBXNativeTarget section */
		9443E14B2B0B4DE000A4A398 /* Action */ = {
			isa = PBXNativeTarget;
			buildConfigurationList = 9443E1722B0B4DE300A4A398 /* Build configuration list for PBXNativeTarget "Action" */;
			buildPhases = (
				9443E1482B0B4DE000A4A398 /* Sources */,
				9443E1492B0B4DE000A4A398 /* Frameworks */,
				9443E14A2B0B4DE000A4A398 /* Resources */,
			);
			buildRules = (
			);
			dependencies = (
			);
			name = Action;
			packageProductDependencies = (
				949CCA5B2BED6EF90012CB70 /* CGRPCZlib */,
				949CCA5D2BED6EF90012CB70 /* GRPC */,
				949CCA5F2BED6EF90012CB70 /* GRPCReflectionService */,
				949CCA612BED6EF90012CB70 /* _GRPCCore */,
				949CCA632BED6EF90012CB70 /* protoc-gen-grpc-swift */,
			);
			productName = Action;
			productReference = 9443E14C2B0B4DE000A4A398 /* Action.app */;
			productType = "com.apple.product-type.application";
		};
		9443E15D2B0B4DE300A4A398 /* ActionTests */ = {
			isa = PBXNativeTarget;
			buildConfigurationList = 9443E1752B0B4DE300A4A398 /* Build configuration list for PBXNativeTarget "ActionTests" */;
			buildPhases = (
				9443E15A2B0B4DE300A4A398 /* Sources */,
				9443E15B2B0B4DE300A4A398 /* Frameworks */,
				9443E15C2B0B4DE300A4A398 /* Resources */,
			);
			buildRules = (
			);
			dependencies = (
				9443E1602B0B4DE300A4A398 /* PBXTargetDependency */,
			);
			name = ActionTests;
			productName = ActionTests;
			productReference = 9443E15E2B0B4DE300A4A398 /* ActionTests.xctest */;
			productType = "com.apple.product-type.bundle.unit-test";
		};
		9443E1672B0B4DE300A4A398 /* ActionUITests */ = {
			isa = PBXNativeTarget;
			buildConfigurationList = 9443E1782B0B4DE300A4A398 /* Build configuration list for PBXNativeTarget "ActionUITests" */;
			buildPhases = (
				9443E1642B0B4DE300A4A398 /* Sources */,
				9443E1652B0B4DE300A4A398 /* Frameworks */,
				9443E1662B0B4DE300A4A398 /* Resources */,
			);
			buildRules = (
			);
			dependencies = (
				9443E16A2B0B4DE300A4A398 /* PBXTargetDependency */,
			);
			name = ActionUITests;
			productName = ActionUITests;
			productReference = 9443E1682B0B4DE300A4A398 /* ActionUITests.xctest */;
			productType = "com.apple.product-type.bundle.ui-testing";
		};
/* End PBXNativeTarget section */

/* Begin PBXProject section */
		9443E1442B0B4DE000A4A398 /* Project object */ = {
			isa = PBXProject;
			attributes = {
				BuildIndependentTargetsInParallel = 1;
				LastSwiftUpdateCheck = 1500;
				LastUpgradeCheck = 1500;
				TargetAttributes = {
					9443E14B2B0B4DE000A4A398 = {
						CreatedOnToolsVersion = 15.0;
					};
					9443E15D2B0B4DE300A4A398 = {
						CreatedOnToolsVersion = 15.0;
						TestTargetID = 9443E14B2B0B4DE000A4A398;
					};
					9443E1672B0B4DE300A4A398 = {
						CreatedOnToolsVersion = 15.0;
						TestTargetID = 9443E14B2B0B4DE000A4A398;
					};
				};
			};
			buildConfigurationList = 9443E1472B0B4DE000A4A398 /* Build configuration list for PBXProject "Action" */;
			compatibilityVersion = "Xcode 14.0";
			developmentRegion = en;
			hasScannedForEncodings = 0;
			knownRegions = (
				en,
				Base,
			);
			mainGroup = 9443E1432B0B4DE000A4A398;
			packageReferences = (
				949CCA5A2BED6ED20012CB70 /* XCRemoteSwiftPackageReference "grpc-swift" */,
			);
			productRefGroup = 9443E14D2B0B4DE000A4A398 /* Products */;
			projectDirPath = "";
			projectRoot = "";
			targets = (
				9443E14B2B0B4DE000A4A398 /* Action */,
				9443E15D2B0B4DE300A4A398 /* ActionTests */,
				9443E1672B0B4DE300A4A398 /* ActionUITests */,
			);
		};
/* End PBXProject section */

/* Begin PBXResourcesBuildPhase section */
		9443E14A2B0B4DE000A4A398 /* Resources */ = {
			isa = PBXResourcesBuildPhase;
			buildActionMask = 2147483647;
			files = (
				9443E1592B0B4DE200A4A398 /* Preview Assets.xcassets in Resources */,
				9443E1562B0B4DE200A4A398 /* Assets.xcassets in Resources */,
			);
			runOnlyForDeploymentPostprocessing = 0;
		};
		9443E15C2B0B4DE300A4A398 /* Resources */ = {
			isa = PBXResourcesBuildPhase;
			buildActionMask = 2147483647;
			files = (
			);
			runOnlyForDeploymentPostprocessing = 0;
		};
		9443E1662B0B4DE300A4A398 /* Resources */ = {
			isa = PBXResourcesBuildPhase;
			buildActionMask = 2147483647;
			files = (
			);
			runOnlyForDeploymentPostprocessing = 0;
		};
/* End PBXResourcesBuildPhase section */

/* Begin PBXSourcesBuildPhase section */
		9443E1482B0B4DE000A4A398 /* Sources */ = {
			isa = PBXSourcesBuildPhase;
			buildActionMask = 2147483647;
			files = (
				94711BCA2BEBA53D008D2DD2 /* actionWrapper.pb.swift in Sources */,
				9455C5EC2B3C4CBB00168702 /* Activity.swift in Sources */,
				9443E1522B0B4DE100A4A398 /* LoginView.swift in Sources */,
				94711BCB2BEBA53D008D2DD2 /* actionWrapper.grpc.swift in Sources */,
				9443E17C2B0B894E00A4A398 /* ActivityView.swift in Sources */,
				9443E1542B0B4DE100A4A398 /* Action.swift in Sources */,
				949CCA862BF191C00012CB70 /* ActionWrapperService.swift in Sources */,
				94711BCD2BEBA65F008D2DD2 /* AuthClient.swift in Sources */,
				947968D42B27443100ABC8EA /* ActivityListView.swift in Sources */,
				9471ED4C2B57F38B005CF48D /* UserInfo.swift in Sources */,
				9443E1502B0B4DE100A4A398 /* ActionApp.swift in Sources */,
			);
			runOnlyForDeploymentPostprocessing = 0;
		};
		9443E15A2B0B4DE300A4A398 /* Sources */ = {
			isa = PBXSourcesBuildPhase;
			buildActionMask = 2147483647;
			files = (
				9443E1632B0B4DE300A4A398 /* ActionTests.swift in Sources */,
			);
			runOnlyForDeploymentPostprocessing = 0;
		};
		9443E1642B0B4DE300A4A398 /* Sources */ = {
			isa = PBXSourcesBuildPhase;
			buildActionMask = 2147483647;
			files = (
				9443E16F2B0B4DE300A4A398 /* ActionUITestsLaunchTests.swift in Sources */,
				9443E16D2B0B4DE300A4A398 /* ActionUITests.swift in Sources */,
			);
			runOnlyForDeploymentPostprocessing = 0;
		};
/* End PBXSourcesBuildPhase section */

/* Begin PBXTargetDependency section */
		9443E1602B0B4DE300A4A398 /* PBXTargetDependency */ = {
			isa = PBXTargetDependency;
			target = 9443E14B2B0B4DE000A4A398 /* Action */;
			targetProxy = 9443E15F2B0B4DE300A4A398 /* PBXContainerItemProxy */;
		};
		9443E16A2B0B4DE300A4A398 /* PBXTargetDependency */ = {
			isa = PBXTargetDependency;
			target = 9443E14B2B0B4DE000A4A398 /* Action */;
			targetProxy = 9443E1692B0B4DE300A4A398 /* PBXContainerItemProxy */;
		};
/* End PBXTargetDependency section */

/* Begin XCBuildConfiguration section */
		9443E1702B0B4DE300A4A398 /* Debug */ = {
			isa = XCBuildConfiguration;
			buildSettings = {
				ALWAYS_SEARCH_USER_PATHS = NO;
				ASSETCATALOG_COMPILER_GENERATE_SWIFT_ASSET_SYMBOL_EXTENSIONS = YES;
				CLANG_ANALYZER_NONNULL = YES;
				CLANG_ANALYZER_NUMBER_OBJECT_CONVERSION = YES_AGGRESSIVE;
				CLANG_CXX_LANGUAGE_STANDARD = "gnu++20";
				CLANG_ENABLE_MODULES = YES;
				CLANG_ENABLE_OBJC_ARC = YES;
				CLANG_ENABLE_OBJC_WEAK = YES;
				CLANG_WARN_BLOCK_CAPTURE_AUTORELEASING = YES;
				CLANG_WARN_BOOL_CONVERSION = YES;
				CLANG_WARN_COMMA = YES;
				CLANG_WARN_CONSTANT_CONVERSION = YES;
				CLANG_WARN_DEPRECATED_OBJC_IMPLEMENTATIONS = YES;
				CLANG_WARN_DIRECT_OBJC_ISA_USAGE = YES_ERROR;
				CLANG_WARN_DOCUMENTATION_COMMENTS = YES;
				CLANG_WARN_EMPTY_BODY = YES;
				CLANG_WARN_ENUM_CONVERSION = YES;
				CLANG_WARN_INFINITE_RECURSION = YES;
				CLANG_WARN_INT_CONVERSION = YES;
				CLANG_WARN_NON_LITERAL_NULL_CONVERSION = YES;
				CLANG_WARN_OBJC_IMPLICIT_RETAIN_SELF = YES;
				CLANG_WARN_OBJC_LITERAL_CONVERSION = YES;
				CLANG_WARN_OBJC_ROOT_CLASS = YES_ERROR;
				CLANG_WARN_QUOTED_INCLUDE_IN_FRAMEWORK_HEADER = YES;
				CLANG_WARN_RANGE_LOOP_ANALYSIS = YES;
				CLANG_WARN_STRICT_PROTOTYPES = YES;
				CLANG_WARN_SUSPICIOUS_MOVE = YES;
				CLANG_WARN_UNGUARDED_AVAILABILITY = YES_AGGRESSIVE;
				CLANG_WARN_UNREACHABLE_CODE = YES;
				CLANG_WARN__DUPLICATE_METHOD_MATCH = YES;
				COPY_PHASE_STRIP = NO;
				DEBUG_INFORMATION_FORMAT = dwarf;
				ENABLE_STRICT_OBJC_MSGSEND = YES;
				ENABLE_TESTABILITY = YES;
				ENABLE_USER_SCRIPT_SANDBOXING = YES;
				GCC_C_LANGUAGE_STANDARD = gnu17;
				GCC_DYNAMIC_NO_PIC = NO;
				GCC_NO_COMMON_BLOCKS = YES;
				GCC_OPTIMIZATION_LEVEL = 0;
				GCC_PREPROCESSOR_DEFINITIONS = (
					"DEBUG=1",
					"$(inherited)",
				);
				GCC_WARN_64_TO_32_BIT_CONVERSION = YES;
				GCC_WARN_ABOUT_RETURN_TYPE = YES_ERROR;
				GCC_WARN_UNDECLARED_SELECTOR = YES;
				GCC_WARN_UNINITIALIZED_AUTOS = YES_AGGRESSIVE;
				GCC_WARN_UNUSED_FUNCTION = YES;
				GCC_WARN_UNUSED_VARIABLE = YES;
				IPHONEOS_DEPLOYMENT_TARGET = 17.0;
				LOCALIZATION_PREFERS_STRING_CATALOGS = YES;
				MTL_ENABLE_DEBUG_INFO = INCLUDE_SOURCE;
				MTL_FAST_MATH = YES;
				ONLY_ACTIVE_ARCH = YES;
				SDKROOT = iphoneos;
				SWIFT_ACTIVE_COMPILATION_CONDITIONS = "DEBUG $(inherited)";
				SWIFT_OPTIMIZATION_LEVEL = "-Onone";
			};
			name = Debug;
		};
		9443E1712B0B4DE300A4A398 /* Release */ = {
			isa = XCBuildConfiguration;
			buildSettings = {
				ALWAYS_SEARCH_USER_PATHS = NO;
				ASSETCATALOG_COMPILER_GENERATE_SWIFT_ASSET_SYMBOL_EXTENSIONS = YES;
				CLANG_ANALYZER_NONNULL = YES;
				CLANG_ANALYZER_NUMBER_OBJECT_CONVERSION = YES_AGGRESSIVE;
				CLANG_CXX_LANGUAGE_STANDARD = "gnu++20";
				CLANG_ENABLE_MODULES = YES;
				CLANG_ENABLE_OBJC_ARC = YES;
				CLANG_ENABLE_OBJC_WEAK = YES;
				CLANG_WARN_BLOCK_CAPTURE_AUTORELEASING = YES;
				CLANG_WARN_BOOL_CONVERSION = YES;
				CLANG_WARN_COMMA = YES;
				CLANG_WARN_CONSTANT_CONVERSION = YES;
				CLANG_WARN_DEPRECATED_OBJC_IMPLEMENTATIONS = YES;
				CLANG_WARN_DIRECT_OBJC_ISA_USAGE = YES_ERROR;
				CLANG_WARN_DOCUMENTATION_COMMENTS = YES;
				CLANG_WARN_EMPTY_BODY = YES;
				CLANG_WARN_ENUM_CONVERSION = YES;
				CLANG_WARN_INFINITE_RECURSION = YES;
				CLANG_WARN_INT_CONVERSION = YES;
				CLANG_WARN_NON_LITERAL_NULL_CONVERSION = YES;
				CLANG_WARN_OBJC_IMPLICIT_RETAIN_SELF = YES;
				CLANG_WARN_OBJC_LITERAL_CONVERSION = YES;
				CLANG_WARN_OBJC_ROOT_CLASS = YES_ERROR;
				CLANG_WARN_QUOTED_INCLUDE_IN_FRAMEWORK_HEADER = YES;
				CLANG_WARN_RANGE_LOOP_ANALYSIS = YES;
				CLANG_WARN_STRICT_PROTOTYPES = YES;
				CLANG_WARN_SUSPICIOUS_MOVE = YES;
				CLANG_WARN_UNGUARDED_AVAILABILITY = YES_AGGRESSIVE;
				CLANG_WARN_UNREACHABLE_CODE = YES;
				CLANG_WARN__DUPLICATE_METHOD_MATCH = YES;
				COPY_PHASE_STRIP = NO;
				DEBUG_INFORMATION_FORMAT = "dwarf-with-dsym";
				ENABLE_NS_ASSERTIONS = NO;
				ENABLE_STRICT_OBJC_MSGSEND = YES;
				ENABLE_USER_SCRIPT_SANDBOXING = YES;
				GCC_C_LANGUAGE_STANDARD = gnu17;
				GCC_NO_COMMON_BLOCKS = YES;
				GCC_WARN_64_TO_32_BIT_CONVERSION = YES;
				GCC_WARN_ABOUT_RETURN_TYPE = YES_ERROR;
				GCC_WARN_UNDECLARED_SELECTOR = YES;
				GCC_WARN_UNINITIALIZED_AUTOS = YES_AGGRESSIVE;
				GCC_WARN_UNUSED_FUNCTION = YES;
				GCC_WARN_UNUSED_VARIABLE = YES;
				IPHONEOS_DEPLOYMENT_TARGET = 17.0;
				LOCALIZATION_PREFERS_STRING_CATALOGS = YES;
				MTL_ENABLE_DEBUG_INFO = NO;
				MTL_FAST_MATH = YES;
				SDKROOT = iphoneos;
				SWIFT_COMPILATION_MODE = wholemodule;
				VALIDATE_PRODUCT = YES;
			};
			name = Release;
		};
		9443E1732B0B4DE300A4A398 /* Debug */ = {
			isa = XCBuildConfiguration;
			buildSettings = {
				ASSETCATALOG_COMPILER_APPICON_NAME = AppIcon;
				ASSETCATALOG_COMPILER_GLOBAL_ACCENT_COLOR_NAME = AccentColor;
				CODE_SIGN_STYLE = Automatic;
				CURRENT_PROJECT_VERSION = 1;
				DEVELOPMENT_ASSET_PATHS = "\"Action/Preview Content\"";
				DEVELOPMENT_TEAM = X3V5T2R48U;
				ENABLE_PREVIEWS = YES;
				GENERATE_INFOPLIST_FILE = YES;
				INFOPLIST_KEY_UIApplicationSceneManifest_Generation = YES;
				INFOPLIST_KEY_UIApplicationSupportsIndirectInputEvents = YES;
				INFOPLIST_KEY_UILaunchScreen_Generation = YES;
				INFOPLIST_KEY_UISupportedInterfaceOrientations_iPad = "UIInterfaceOrientationPortrait UIInterfaceOrientationPortraitUpsideDown UIInterfaceOrientationLandscapeLeft UIInterfaceOrientationLandscapeRight";
				INFOPLIST_KEY_UISupportedInterfaceOrientations_iPhone = "UIInterfaceOrientationPortrait UIInterfaceOrientationLandscapeLeft UIInterfaceOrientationLandscapeRight";
				LD_RUNPATH_SEARCH_PATHS = (
					"$(inherited)",
					"@executable_path/Frameworks",
				);
				MARKETING_VERSION = 1.0;
				PRODUCT_BUNDLE_IDENTIFIER = com.MountainBros.Action;
				PRODUCT_NAME = "$(TARGET_NAME)";
				SWIFT_EMIT_LOC_STRINGS = YES;
				SWIFT_VERSION = 5.0;
				TARGETED_DEVICE_FAMILY = "1,2";
			};
			name = Debug;
		};
		9443E1742B0B4DE300A4A398 /* Release */ = {
			isa = XCBuildConfiguration;
			buildSettings = {
				ASSETCATALOG_COMPILER_APPICON_NAME = AppIcon;
				ASSETCATALOG_COMPILER_GLOBAL_ACCENT_COLOR_NAME = AccentColor;
				CODE_SIGN_STYLE = Automatic;
				CURRENT_PROJECT_VERSION = 1;
				DEVELOPMENT_ASSET_PATHS = "\"Action/Preview Content\"";
				DEVELOPMENT_TEAM = X3V5T2R48U;
				ENABLE_PREVIEWS = YES;
				GENERATE_INFOPLIST_FILE = YES;
				INFOPLIST_KEY_UIApplicationSceneManifest_Generation = YES;
				INFOPLIST_KEY_UIApplicationSupportsIndirectInputEvents = YES;
				INFOPLIST_KEY_UILaunchScreen_Generation = YES;
				INFOPLIST_KEY_UISupportedInterfaceOrientations_iPad = "UIInterfaceOrientationPortrait UIInterfaceOrientationPortraitUpsideDown UIInterfaceOrientationLandscapeLeft UIInterfaceOrientationLandscapeRight";
				INFOPLIST_KEY_UISupportedInterfaceOrientations_iPhone = "UIInterfaceOrientationPortrait UIInterfaceOrientationLandscapeLeft UIInterfaceOrientationLandscapeRight";
				LD_RUNPATH_SEARCH_PATHS = (
					"$(inherited)",
					"@executable_path/Frameworks",
				);
				MARKETING_VERSION = 1.0;
				PRODUCT_BUNDLE_IDENTIFIER = com.MountainBros.Action;
				PRODUCT_NAME = "$(TARGET_NAME)";
				SWIFT_EMIT_LOC_STRINGS = YES;
				SWIFT_VERSION = 5.0;
				TARGETED_DEVICE_FAMILY = "1,2";
			};
			name = Release;
		};
		9443E1762B0B4DE300A4A398 /* Debug */ = {
			isa = XCBuildConfiguration;
			buildSettings = {
				ALWAYS_EMBED_SWIFT_STANDARD_LIBRARIES = YES;
				BUNDLE_LOADER = "$(TEST_HOST)";
				CODE_SIGN_STYLE = Automatic;
				CURRENT_PROJECT_VERSION = 1;
				DEVELOPMENT_TEAM = X3V5T2R48U;
				GENERATE_INFOPLIST_FILE = YES;
				IPHONEOS_DEPLOYMENT_TARGET = 17.0;
				MARKETING_VERSION = 1.0;
				PRODUCT_BUNDLE_IDENTIFIER = com.MountainBros.ActionTests;
				PRODUCT_NAME = "$(TARGET_NAME)";
				SWIFT_EMIT_LOC_STRINGS = NO;
				SWIFT_VERSION = 5.0;
				TARGETED_DEVICE_FAMILY = "1,2";
				TEST_HOST = "$(BUILT_PRODUCTS_DIR)/Action.app/$(BUNDLE_EXECUTABLE_FOLDER_PATH)/Action";
			};
			name = Debug;
		};
		9443E1772B0B4DE300A4A398 /* Release */ = {
			isa = XCBuildConfiguration;
			buildSettings = {
				ALWAYS_EMBED_SWIFT_STANDARD_LIBRARIES = YES;
				BUNDLE_LOADER = "$(TEST_HOST)";
				CODE_SIGN_STYLE = Automatic;
				CURRENT_PROJECT_VERSION = 1;
				DEVELOPMENT_TEAM = X3V5T2R48U;
				GENERATE_INFOPLIST_FILE = YES;
				IPHONEOS_DEPLOYMENT_TARGET = 17.0;
				MARKETING_VERSION = 1.0;
				PRODUCT_BUNDLE_IDENTIFIER = com.MountainBros.ActionTests;
				PRODUCT_NAME = "$(TARGET_NAME)";
				SWIFT_EMIT_LOC_STRINGS = NO;
				SWIFT_VERSION = 5.0;
				TARGETED_DEVICE_FAMILY = "1,2";
				TEST_HOST = "$(BUILT_PRODUCTS_DIR)/Action.app/$(BUNDLE_EXECUTABLE_FOLDER_PATH)/Action";
			};
			name = Release;
		};
		9443E1792B0B4DE300A4A398 /* Debug */ = {
			isa = XCBuildConfiguration;
			buildSettings = {
				ALWAYS_EMBED_SWIFT_STANDARD_LIBRARIES = YES;
				CODE_SIGN_STYLE = Automatic;
				CURRENT_PROJECT_VERSION = 1;
				DEVELOPMENT_TEAM = X3V5T2R48U;
				GENERATE_INFOPLIST_FILE = YES;
				MARKETING_VERSION = 1.0;
				PRODUCT_BUNDLE_IDENTIFIER = com.MountainBros.ActionUITests;
				PRODUCT_NAME = "$(TARGET_NAME)";
				SWIFT_EMIT_LOC_STRINGS = NO;
				SWIFT_VERSION = 5.0;
				TARGETED_DEVICE_FAMILY = "1,2";
				TEST_TARGET_NAME = Action;
			};
			name = Debug;
		};
		9443E17A2B0B4DE300A4A398 /* Release */ = {
			isa = XCBuildConfiguration;
			buildSettings = {
				ALWAYS_EMBED_SWIFT_STANDARD_LIBRARIES = YES;
				CODE_SIGN_STYLE = Automatic;
				CURRENT_PROJECT_VERSION = 1;
				DEVELOPMENT_TEAM = X3V5T2R48U;
				GENERATE_INFOPLIST_FILE = YES;
				MARKETING_VERSION = 1.0;
				PRODUCT_BUNDLE_IDENTIFIER = com.MountainBros.ActionUITests;
				PRODUCT_NAME = "$(TARGET_NAME)";
				SWIFT_EMIT_LOC_STRINGS = NO;
				SWIFT_VERSION = 5.0;
				TARGETED_DEVICE_FAMILY = "1,2";
				TEST_TARGET_NAME = Action;
			};
			name = Release;
		};
/* End XCBuildConfiguration section */

/* Begin XCConfigurationList section */
		9443E1472B0B4DE000A4A398 /* Build configuration list for PBXProject "Action" */ = {
			isa = XCConfigurationList;
			buildConfigurations = (
				9443E1702B0B4DE300A4A398 /* Debug */,
				9443E1712B0B4DE300A4A398 /* Release */,
			);
			defaultConfigurationIsVisible = 0;
			defaultConfigurationName = Release;
		};
		9443E1722B0B4DE300A4A398 /* Build configuration list for PBXNativeTarget "Action" */ = {
			isa = XCConfigurationList;
			buildConfigurations = (
				9443E1732B0B4DE300A4A398 /* Debug */,
				9443E1742B0B4DE300A4A398 /* Release */,
			);
			defaultConfigurationIsVisible = 0;
			defaultConfigurationName = Release;
		};
		9443E1752B0B4DE300A4A398 /* Build configuration list for PBXNativeTarget "ActionTests" */ = {
			isa = XCConfigurationList;
			buildConfigurations = (
				9443E1762B0B4DE300A4A398 /* Debug */,
				9443E1772B0B4DE300A4A398 /* Release */,
			);
			defaultConfigurationIsVisible = 0;
			defaultConfigurationName = Release;
		};
		9443E1782B0B4DE300A4A398 /* Build configuration list for PBXNativeTarget "ActionUITests" */ = {
			isa = XCConfigurationList;
			buildConfigurations = (
				9443E1792B0B4DE300A4A398 /* Debug */,
				9443E17A2B0B4DE300A4A398 /* Release */,
			);
			defaultConfigurationIsVisible = 0;
			defaultConfigurationName = Release;
		};
/* End XCConfigurationList section */

/* Begin XCRemoteSwiftPackageReference section */
		949CCA5A2BED6ED20012CB70 /* XCRemoteSwiftPackageReference "grpc-swift" */ = {
			isa = XCRemoteSwiftPackageReference;
			repositoryURL = "https://github.com/grpc/grpc-swift.git";
			requirement = {
				kind = upToNextMajorVersion;
				minimumVersion = 1.23.0;
			};
		};
/* End XCRemoteSwiftPackageReference section */

/* Begin XCSwiftPackageProductDependency section */
		949CCA5B2BED6EF90012CB70 /* CGRPCZlib */ = {
			isa = XCSwiftPackageProductDependency;
			package = 949CCA5A2BED6ED20012CB70 /* XCRemoteSwiftPackageReference "grpc-swift" */;
			productName = CGRPCZlib;
		};
		949CCA5D2BED6EF90012CB70 /* GRPC */ = {
			isa = XCSwiftPackageProductDependency;
			package = 949CCA5A2BED6ED20012CB70 /* XCRemoteSwiftPackageReference "grpc-swift" */;
			productName = GRPC;
		};
		949CCA5F2BED6EF90012CB70 /* GRPCReflectionService */ = {
			isa = XCSwiftPackageProductDependency;
			package = 949CCA5A2BED6ED20012CB70 /* XCRemoteSwiftPackageReference "grpc-swift" */;
			productName = GRPCReflectionService;
		};
		949CCA612BED6EF90012CB70 /* _GRPCCore */ = {
			isa = XCSwiftPackageProductDependency;
			package = 949CCA5A2BED6ED20012CB70 /* XCRemoteSwiftPackageReference "grpc-swift" */;
			productName = _GRPCCore;
		};
		949CCA632BED6EF90012CB70 /* protoc-gen-grpc-swift */ = {
			isa = XCSwiftPackageProductDependency;
			package = 949CCA5A2BED6ED20012CB70 /* XCRemoteSwiftPackageReference "grpc-swift" */;
			productName = "protoc-gen-grpc-swift";
		};
/* End XCSwiftPackageProductDependency section */
	};
	rootObject = 9443E1442B0B4DE000A4A398 /* Project object */;
}
